Microsoft Visual Studio Solution File, Format Version 12.00
# Visual Studio Version 17
VisualStudioVersion = 17.5.2.0
MinimumVisualStudioVersion = 10.0.40219.1
Project("{FAE04EC0-301F-11D3-BF4B-00C04F79EFBC}") = "BestStoreMVC", "BestStoreMVC.csproj", "{7940B7CD-CD5E-46E3-14EA-38A16A6AF7EB}"
EndProject
Global
	GlobalSection(SolutionConfigurationPlatforms) = preSolution
		Debug|Any CPU = Debug|Any CPU
		Release|Any CPU = Release|Any CPU
	EndGlobalSection
	GlobalSection(ProjectConfigurationPlatforms) = postSolution
		{7940B7CD-CD5E-46E3-14EA-38A16A6AF7EB}.Debug|Any CPU.ActiveCfg = Debug|Any CPU
		{7940B7CD-CD5E-46E3-14EA-38A16A6AF7EB}.Debug|Any CPU.Build.0 = Debug|Any CPU
		{7940B7CD-CD5E-46E3-14EA-38A16A6AF7EB}.Release|Any CPU.ActiveCfg = Release|Any CPU
		{7940B7CD-CD5E-46E3-14EA-38A16A6AF7EB}.Release|Any CPU.Build.0 = Release|Any CPU
	EndGlobalSection
	GlobalSection(SolutionProperties) = preSolution
		HideSolutionNode = FALSE
	EndGlobalSection
	GlobalSection(ExtensibilityGlobals) = postSolution
		SolutionGuid = {AF43AD10-D980-47EA-9E55-FB32DAB7EFE5}
	EndGlobalSection
EndGlobal
